// !$*UTF8*$!
{
	archiveVersion = 1;
	classes = {
	};
	objectVersion = 50;
	objects = {

/* Begin PBXBuildFile section */
		F20CCEFD2429F00800048BA3 /* AppDelegate.swift in Sources */ = {isa = PBXBuildFile; fileRef = F20CCEFC2429F00800048BA3 /* AppDelegate.swift */; };
		F20CCF022429F00800048BA3 /* Main.storyboard in Resources */ = {isa = PBXBuildFile; fileRef = F20CCF002429F00800048BA3 /* Main.storyboard */; };
		F20CCF042429F00900048BA3 /* Assets.xcassets in Resources */ = {isa = PBXBuildFile; fileRef = F20CCF032429F00900048BA3 /* Assets.xcassets */; };
		F20CCF072429F00900048BA3 /* LaunchScreen.storyboard in Resources */ = {isa = PBXBuildFile; fileRef = F20CCF052429F00900048BA3 /* LaunchScreen.storyboard */; };
		F20CCF312429F61200048BA3 /* MasterViewController.swift in Sources */ = {isa = PBXBuildFile; fileRef = F20CCF302429F61200048BA3 /* MasterViewController.swift */; };
		F20CCF332429FC8000048BA3 /* DetailViewController.swift in Sources */ = {isa = PBXBuildFile; fileRef = F20CCF322429FC7F00048BA3 /* DetailViewController.swift */; };
		F20CCF35242A02D500048BA3 /* MasterViewTableViewDelegate.swift in Sources */ = {isa = PBXBuildFile; fileRef = F20CCF34242A02D500048BA3 /* MasterViewTableViewDelegate.swift */; };
		F21E21D0243186C8001AE003 /* GroupViewController.swift in Sources */ = {isa = PBXBuildFile; fileRef = F21E21CF243186C8001AE003 /* GroupViewController.swift */; };
		F21E21E124318E65001AE003 /* btn_menu_map_normal.png in Resources */ = {isa = PBXBuildFile; fileRef = F21E21D224318E64001AE003 /* btn_menu_map_normal.png */; };
		F21E21E224318E65001AE003 /* bg_menu.png in Resources */ = {isa = PBXBuildFile; fileRef = F21E21D324318E64001AE003 /* bg_menu.png */; };
		F21E21E324318E65001AE003 /* btn_menu_ptt_selected.png in Resources */ = {isa = PBXBuildFile; fileRef = F21E21D424318E64001AE003 /* btn_menu_ptt_selected.png */; };
		F21E21E424318E65001AE003 /* btn_contact_member_selected.png in Resources */ = {isa = PBXBuildFile; fileRef = F21E21D524318E64001AE003 /* btn_contact_member_selected.png */; };
		F21E21E524318E65001AE003 /* btn_menu_map_selected.png in Resources */ = {isa = PBXBuildFile; fileRef = F21E21D624318E64001AE003 /* btn_menu_map_selected.png */; };
		F21E21E624318E65001AE003 /* btn_menu_history_selected.png in Resources */ = {isa = PBXBuildFile; fileRef = F21E21D724318E64001AE003 /* btn_menu_history_selected.png */; };
		F21E21E724318E65001AE003 /* btn_menu_ptt_normal.png in Resources */ = {isa = PBXBuildFile; fileRef = F21E21D824318E64001AE003 /* btn_menu_ptt_normal.png */; };
		F21E21E824318E65001AE003 /* btn_contact_member_normal.png in Resources */ = {isa = PBXBuildFile; fileRef = F21E21D924318E64001AE003 /* btn_contact_member_normal.png */; };
		F21E21E924318E65001AE003 /* btn_profile_set.png in Resources */ = {isa = PBXBuildFile; fileRef = F21E21DA24318E64001AE003 /* btn_profile_set.png */; };
		F21E21EA24318E65001AE003 /* btn_menu_history_normal.png in Resources */ = {isa = PBXBuildFile; fileRef = F21E21DB24318E64001AE003 /* btn_menu_history_normal.png */; };
		F21E21EB24318E65001AE003 /* btn_contact_group_normal.png in Resources */ = {isa = PBXBuildFile; fileRef = F21E21DC24318E65001AE003 /* btn_contact_group_normal.png */; };
		F21E21EC24318E65001AE003 /* bg_profile.png in Resources */ = {isa = PBXBuildFile; fileRef = F21E21DD24318E65001AE003 /* bg_profile.png */; };
		F21E21ED24318E65001AE003 /* btn_menu_video_selected.png in Resources */ = {isa = PBXBuildFile; fileRef = F21E21DE24318E65001AE003 /* btn_menu_video_selected.png */; };
		F21E21EE24318E65001AE003 /* btn_menu_video_normal.png in Resources */ = {isa = PBXBuildFile; fileRef = F21E21DF24318E65001AE003 /* btn_menu_video_normal.png */; };
		F21E21EF24318E65001AE003 /* btn_contact_group_selected.png in Resources */ = {isa = PBXBuildFile; fileRef = F21E21E024318E65001AE003 /* btn_contact_group_selected.png */; };
		F21E21F42431C7D3001AE003 /* GroupCollectionViewCell.swift in Sources */ = {isa = PBXBuildFile; fileRef = F21E21F22431C7D3001AE003 /* GroupCollectionViewCell.swift */; };
		F21E21F52431C7D3001AE003 /* GroupCollectionViewCell.xib in Resources */ = {isa = PBXBuildFile; fileRef = F21E21F32431C7D3001AE003 /* GroupCollectionViewCell.xib */; };
		F21E21F72431CA4F001AE003 /* GroupViewCollectionoViewDelegate.swift in Sources */ = {isa = PBXBuildFile; fileRef = F21E21F62431CA4F001AE003 /* GroupViewCollectionoViewDelegate.swift */; };
		F22F8B4F242D9B7F00CB08D5 /* ConfigAndConst.swift in Sources */ = {isa = PBXBuildFile; fileRef = F22F8B4E242D9B7F00CB08D5 /* ConfigAndConst.swift */; };
		F22F8B51242DABDB00CB08D5 /* MainMenuCollectionViewCell.swift in Sources */ = {isa = PBXBuildFile; fileRef = F22F8B50242DABDB00CB08D5 /* MainMenuCollectionViewCell.swift */; };
		F22F8B53242DAF0100CB08D5 /* DetailViewCollectionViewDelegate.swift in Sources */ = {isa = PBXBuildFile; fileRef = F22F8B52242DAF0100CB08D5 /* DetailViewCollectionViewDelegate.swift */; };
		F22F8B5D242DDD5F00CB08D5 /* DispatchCenterSplitViewController.swift in Sources */ = {isa = PBXBuildFile; fileRef = F22F8B5C242DDD5F00CB08D5 /* DispatchCenterSplitViewController.swift */; };
		F23C0DEA2432DC3700DD7A48 /* MemberViewController.swift in Sources */ = {isa = PBXBuildFile; fileRef = F23C0DE92432DC3700DD7A48 /* MemberViewController.swift */; };
		F2508003242B51AB003DBE79 /* GroupTableViewCell.swift in Sources */ = {isa = PBXBuildFile; fileRef = F2508001242B51AB003DBE79 /* GroupTableViewCell.swift */; };
		F2508004242B51AB003DBE79 /* GroupTableViewCell.xib in Resources */ = {isa = PBXBuildFile; fileRef = F2508002242B51AB003DBE79 /* GroupTableViewCell.xib */; };
		F261B463242C9FD800482992 /* MemberTableViewCell.swift in Sources */ = {isa = PBXBuildFile; fileRef = F261B461242C9FD800482992 /* MemberTableViewCell.swift */; };
		F261B464242C9FD800482992 /* MemberTableViewCell.xib in Resources */ = {isa = PBXBuildFile; fileRef = F261B462242C9FD800482992 /* MemberTableViewCell.xib */; };
/* End PBXBuildFile section */

/* Begin PBXFileReference section */
		F20CCEF92429F00800048BA3 /* SplitViewControllerTest.app */ = {isa = PBXFileReference; explicitFileType = wrapper.application; includeInIndex = 0; path = SplitViewControllerTest.app; sourceTree = BUILT_PRODUCTS_DIR; };
		F20CCEFC2429F00800048BA3 /* AppDelegate.swift */ = {isa = PBXFileReference; lastKnownFileType = sourcecode.swift; path = AppDelegate.swift; sourceTree = "<group>"; };
		F20CCF012429F00800048BA3 /* Base */ = {isa = PBXFileReference; lastKnownFileType = file.storyboard; name = Base; path = Base.lproj/Main.storyboard; sourceTree = "<group>"; };
		F20CCF032429F00900048BA3 /* Assets.xcassets */ = {isa = PBXFileReference; lastKnownFileType = folder.assetcatalog; path = Assets.xcassets; sourceTree = "<group>"; };
		F20CCF062429F00900048BA3 /* Base */ = {isa = PBXFileReference; lastKnownFileType = file.storyboard; name = Base; path = Base.lproj/LaunchScreen.storyboard; sourceTree = "<group>"; };
		F20CCF082429F00900048BA3 /* Info.plist */ = {isa = PBXFileReference; lastKnownFileType = text.plist.xml; path = Info.plist; sourceTree = "<group>"; };
		F20CCF302429F61200048BA3 /* MasterViewController.swift */ = {isa = PBXFileReference; lastKnownFileType = sourcecode.swift; path = MasterViewController.swift; sourceTree = "<group>"; };
		F20CCF322429FC7F00048BA3 /* DetailViewController.swift */ = {isa = PBXFileReference; lastKnownFileType = sourcecode.swift; path = DetailViewController.swift; sourceTree = "<group>"; };
		F20CCF34242A02D500048BA3 /* MasterViewTableViewDelegate.swift */ = {isa = PBXFileReference; lastKnownFileType = sourcecode.swift; path = MasterViewTableViewDelegate.swift; sourceTree = "<group>"; };
		F21E21CF243186C8001AE003 /* GroupViewController.swift */ = {isa = PBXFileReference; lastKnownFileType = sourcecode.swift; path = GroupViewController.swift; sourceTree = "<group>"; };
		F21E21D224318E64001AE003 /* btn_menu_map_normal.png */ = {isa = PBXFileReference; lastKnownFileType = image.png; path = btn_menu_map_normal.png; sourceTree = "<group>"; };
		F21E21D324318E64001AE003 /* bg_menu.png */ = {isa = PBXFileReference; lastKnownFileType = image.png; path = bg_menu.png; sourceTree = "<group>"; };
		F21E21D424318E64001AE003 /* btn_menu_ptt_selected.png */ = {isa = PBXFileReference; lastKnownFileType = image.png; path = btn_menu_ptt_selected.png; sourceTree = "<group>"; };
		F21E21D524318E64001AE003 /* btn_contact_member_selected.png */ = {isa = PBXFileReference; lastKnownFileType = image.png; path = btn_contact_member_selected.png; sourceTree = "<group>"; };
		F21E21D624318E64001AE003 /* btn_menu_map_selected.png */ = {isa = PBXFileReference; lastKnownFileType = image.png; path = btn_menu_map_selected.png; sourceTree = "<group>"; };
		F21E21D724318E64001AE003 /* btn_menu_history_selected.png */ = {isa = PBXFileReference; lastKnownFileType = image.png; path = btn_menu_history_selected.png; sourceTree = "<group>"; };
		F21E21D824318E64001AE003 /* btn_menu_ptt_normal.png */ = {isa = PBXFileReference; lastKnownFileType = image.png; path = btn_menu_ptt_normal.png; sourceTree = "<group>"; };
		F21E21D924318E64001AE003 /* btn_contact_member_normal.png */ = {isa = PBXFileReference; lastKnownFileType = image.png; path = btn_contact_member_normal.png; sourceTree = "<group>"; };
		F21E21DA24318E64001AE003 /* btn_profile_set.png */ = {isa = PBXFileReference; lastKnownFileType = image.png; path = btn_profile_set.png; sourceTree = "<group>"; };
		F21E21DB24318E64001AE003 /* btn_menu_history_normal.png */ = {isa = PBXFileReference; lastKnownFileType = image.png; path = btn_menu_history_normal.png; sourceTree = "<group>"; };
		F21E21DC24318E65001AE003 /* btn_contact_group_normal.png */ = {isa = PBXFileReference; lastKnownFileType = image.png; path = btn_contact_group_normal.png; sourceTree = "<group>"; };
		F21E21DD24318E65001AE003 /* bg_profile.png */ = {isa = PBXFileReference; lastKnownFileType = image.png; path = bg_profile.png; sourceTree = "<group>"; };
		F21E21DE24318E65001AE003 /* btn_menu_video_selected.png */ = {isa = PBXFileReference; lastKnownFileType = image.png; path = btn_menu_video_selected.png; sourceTree = "<group>"; };
		F21E21DF24318E65001AE003 /* btn_menu_video_normal.png */ = {isa = PBXFileReference; lastKnownFileType = image.png; path = btn_menu_video_normal.png; sourceTree = "<group>"; };
		F21E21E024318E65001AE003 /* btn_contact_group_selected.png */ = {isa = PBXFileReference; lastKnownFileType = image.png; path = btn_contact_group_selected.png; sourceTree = "<group>"; };
		F21E21F22431C7D3001AE003 /* GroupCollectionViewCell.swift */ = {isa = PBXFileReference; lastKnownFileType = sourcecode.swift; path = GroupCollectionViewCell.swift; sourceTree = "<group>"; };
		F21E21F32431C7D3001AE003 /* GroupCollectionViewCell.xib */ = {isa = PBXFileReference; lastKnownFileType = file.xib; path = GroupCollectionViewCell.xib; sourceTree = "<group>"; };
		F21E21F62431CA4F001AE003 /* GroupViewCollectionoViewDelegate.swift */ = {isa = PBXFileReference; lastKnownFileType = sourcecode.swift; path = GroupViewCollectionoViewDelegate.swift; sourceTree = "<group>"; };
		F22F8B4E242D9B7F00CB08D5 /* ConfigAndConst.swift */ = {isa = PBXFileReference; lastKnownFileType = sourcecode.swift; path = ConfigAndConst.swift; sourceTree = "<group>"; };
		F22F8B50242DABDB00CB08D5 /* MainMenuCollectionViewCell.swift */ = {isa = PBXFileReference; lastKnownFileType = sourcecode.swift; path = MainMenuCollectionViewCell.swift; sourceTree = "<group>"; };
		F22F8B52242DAF0100CB08D5 /* DetailViewCollectionViewDelegate.swift */ = {isa = PBXFileReference; lastKnownFileType = sourcecode.swift; path = DetailViewCollectionViewDelegate.swift; sourceTree = "<group>"; };
		F22F8B5C242DDD5F00CB08D5 /* DispatchCenterSplitViewController.swift */ = {isa = PBXFileReference; lastKnownFileType = sourcecode.swift; path = DispatchCenterSplitViewController.swift; sourceTree = "<group>"; };
		F23C0DE92432DC3700DD7A48 /* MemberViewController.swift */ = {isa = PBXFileReference; lastKnownFileType = sourcecode.swift; path = MemberViewController.swift; sourceTree = "<group>"; };
		F2508001242B51AB003DBE79 /* GroupTableViewCell.swift */ = {isa = PBXFileReference; lastKnownFileType = sourcecode.swift; path = GroupTableViewCell.swift; sourceTree = "<group>"; };
		F2508002242B51AB003DBE79 /* GroupTableViewCell.xib */ = {isa = PBXFileReference; lastKnownFileType = file.xib; path = GroupTableViewCell.xib; sourceTree = "<group>"; };
		F261B461242C9FD800482992 /* MemberTableViewCell.swift */ = {isa = PBXFileReference; lastKnownFileType = sourcecode.swift; path = MemberTableViewCell.swift; sourceTree = "<group>"; };
		F261B462242C9FD800482992 /* MemberTableViewCell.xib */ = {isa = PBXFileReference; lastKnownFileType = file.xib; path = MemberTableViewCell.xib; sourceTree = "<group>"; };
/* End PBXFileReference section */

/* Begin PBXFrameworksBuildPhase section */
		F20CCEF62429F00800048BA3 /* Frameworks */ = {
			isa = PBXFrameworksBuildPhase;
			buildActionMask = 2147483647;
			files = (
			);
			runOnlyForDeploymentPostprocessing = 0;
		};
/* End PBXFrameworksBuildPhase section */

/* Begin PBXGroup section */
		F20CCEF02429F00800048BA3 = {
			isa = PBXGroup;
			children = (
				F20CCEFB2429F00800048BA3 /* SplitViewControllerTest */,
				F20CCEFA2429F00800048BA3 /* Products */,
			);
			sourceTree = "<group>";
		};
		F20CCEFA2429F00800048BA3 /* Products */ = {
			isa = PBXGroup;
			children = (
				F20CCEF92429F00800048BA3 /* SplitViewControllerTest.app */,
			);
			name = Products;
			sourceTree = "<group>";
		};
		F20CCEFB2429F00800048BA3 /* SplitViewControllerTest */ = {
			isa = PBXGroup;
			children = (
				F21E21FA2431F149001AE003 /* SplitViewController */,
				F21E21F92431F123001AE003 /* ViewController */,
				F20CCEFC2429F00800048BA3 /* AppDelegate.swift */,
				F22F8B4E242D9B7F00CB08D5 /* ConfigAndConst.swift */,
				F20CCF032429F00900048BA3 /* Assets.xcassets */,
				F20CCF002429F00800048BA3 /* Main.storyboard */,
				F20CCF052429F00900048BA3 /* LaunchScreen.storyboard */,
				F20CCF082429F00900048BA3 /* Info.plist */,
				F2507FED242AFCBC003DBE79 /* Cell */,
				F261B467242CAB1300482992 /* Images */,
			);
			path = SplitViewControllerTest;
			sourceTree = "<group>";
		};
		F21E21D124318DC2001AE003 /* Directory */ = {
			isa = PBXGroup;
			children = (
				F21E21DD24318E65001AE003 /* bg_profile.png */,
				F21E21DC24318E65001AE003 /* btn_contact_group_normal.png */,
				F21E21E024318E65001AE003 /* btn_contact_group_selected.png */,
				F21E21D924318E64001AE003 /* btn_contact_member_normal.png */,
				F21E21D524318E64001AE003 /* btn_contact_member_selected.png */,
				F21E21DA24318E64001AE003 /* btn_profile_set.png */,
			);
			path = Directory;
			sourceTree = "<group>";
		};
		F21E21F82431F032001AE003 /* Menu */ = {
			isa = PBXGroup;
			children = (
				F21E21D324318E64001AE003 /* bg_menu.png */,
				F21E21DB24318E64001AE003 /* btn_menu_history_normal.png */,
				F21E21D724318E64001AE003 /* btn_menu_history_selected.png */,
				F21E21D224318E64001AE003 /* btn_menu_map_normal.png */,
				F21E21D624318E64001AE003 /* btn_menu_map_selected.png */,
				F21E21D824318E64001AE003 /* btn_menu_ptt_normal.png */,
				F21E21D424318E64001AE003 /* btn_menu_ptt_selected.png */,
				F21E21DF24318E65001AE003 /* btn_menu_video_normal.png */,
				F21E21DE24318E65001AE003 /* btn_menu_video_selected.png */,
			);
			path = Menu;
			sourceTree = "<group>";
		};
		F21E21F92431F123001AE003 /* ViewController */ = {
			isa = PBXGroup;
			children = (
				F21E21CF243186C8001AE003 /* GroupViewController.swift */,
				F23C0DE92432DC3700DD7A48 /* MemberViewController.swift */,
				F21E21FD2431F1B2001AE003 /* Delegate */,
			);
			path = ViewController;
			sourceTree = "<group>";
		};
		F21E21FA2431F149001AE003 /* SplitViewController */ = {
			isa = PBXGroup;
			children = (
				F21E21FC2431F193001AE003 /* ViewController */,
				F21E21FB2431F16D001AE003 /* Delegate */,
			);
			path = SplitViewController;
			sourceTree = "<group>";
		};
		F21E21FB2431F16D001AE003 /* Delegate */ = {
			isa = PBXGroup;
			children = (
				F20CCF34242A02D500048BA3 /* MasterViewTableViewDelegate.swift */,
				F22F8B52242DAF0100CB08D5 /* DetailViewCollectionViewDelegate.swift */,
			);
			path = Delegate;
			sourceTree = "<group>";
		};
		F21E21FC2431F193001AE003 /* ViewController */ = {
			isa = PBXGroup;
			children = (
				F22F8B5C242DDD5F00CB08D5 /* DispatchCenterSplitViewController.swift */,
				F20CCF302429F61200048BA3 /* MasterViewController.swift */,
				F20CCF322429FC7F00048BA3 /* DetailViewController.swift */,
			);
			path = ViewController;
			sourceTree = "<group>";
		};
		F21E21FD2431F1B2001AE003 /* Delegate */ = {
			isa = PBXGroup;
			children = (
				F21E21F62431CA4F001AE003 /* GroupViewCollectionoViewDelegate.swift */,
			);
			path = Delegate;
			sourceTree = "<group>";
		};
		F2507FED242AFCBC003DBE79 /* Cell */ = {
			isa = PBXGroup;
			children = (
				F22F8B50242DABDB00CB08D5 /* MainMenuCollectionViewCell.swift */,
				F2508001242B51AB003DBE79 /* GroupTableViewCell.swift */,
				F2508002242B51AB003DBE79 /* GroupTableViewCell.xib */,
				F261B461242C9FD800482992 /* MemberTableViewCell.swift */,
				F261B462242C9FD800482992 /* MemberTableViewCell.xib */,
				F21E21F22431C7D3001AE003 /* GroupCollectionViewCell.swift */,
				F21E21F32431C7D3001AE003 /* GroupCollectionViewCell.xib */,
			);
			path = Cell;
			sourceTree = "<group>";
		};
		F261B467242CAB1300482992 /* Images */ = {
			isa = PBXGroup;
			children = (
				F21E21F82431F032001AE003 /* Menu */,
				F21E21D124318DC2001AE003 /* Directory */,
			);
			path = Images;
			sourceTree = "<group>";
		};
/* End PBXGroup section */

/* Begin PBXNativeTarget section */
		F20CCEF82429F00800048BA3 /* SplitViewControllerTest */ = {
			isa = PBXNativeTarget;
			buildConfigurationList = F20CCF0B2429F00900048BA3 /* Build configuration list for PBXNativeTarget "SplitViewControllerTest" */;
			buildPhases = (
				F20CCEF52429F00800048BA3 /* Sources */,
				F20CCEF62429F00800048BA3 /* Frameworks */,
				F20CCEF72429F00800048BA3 /* Resources */,
			);
			buildRules = (
			);
			dependencies = (
			);
			name = SplitViewControllerTest;
			productName = SplitViewControllerTest;
			productReference = F20CCEF92429F00800048BA3 /* SplitViewControllerTest.app */;
			productType = "com.apple.product-type.application";
		};
/* End PBXNativeTarget section */

/* Begin PBXProject section */
		F20CCEF12429F00800048BA3 /* Project object */ = {
			isa = PBXProject;
			attributes = {
				LastSwiftUpdateCheck = 1020;
				LastUpgradeCheck = 1020;
				ORGANIZATIONNAME = fredshao;
				TargetAttributes = {
					F20CCEF82429F00800048BA3 = {
						CreatedOnToolsVersion = 10.2;
					};
				};
			};
			buildConfigurationList = F20CCEF42429F00800048BA3 /* Build configuration list for PBXProject "SplitViewControllerTest" */;
			compatibilityVersion = "Xcode 9.3";
			developmentRegion = en;
			hasScannedForEncodings = 0;
			knownRegions = (
				en,
				Base,
			);
			mainGroup = F20CCEF02429F00800048BA3;
			productRefGroup = F20CCEFA2429F00800048BA3 /* Products */;
			projectDirPath = "";
			projectRoot = "";
			targets = (
				F20CCEF82429F00800048BA3 /* SplitViewControllerTest */,
			);
		};
/* End PBXProject section */

/* Begin PBXResourcesBuildPhase section */
		F20CCEF72429F00800048BA3 /* Resources */ = {
			isa = PBXResourcesBuildPhase;
			buildActionMask = 2147483647;
			files = (
				F21E21E624318E65001AE003 /* btn_menu_history_selected.png in Resources */,
				F21E21E124318E65001AE003 /* btn_menu_map_normal.png in Resources */,
				F21E21E524318E65001AE003 /* btn_menu_map_selected.png in Resources */,
				F21E21E724318E65001AE003 /* btn_menu_ptt_normal.png in Resources */,
				F20CCF072429F00900048BA3 /* LaunchScreen.storyboard in Resources */,
				F21E21EF24318E65001AE003 /* btn_contact_group_selected.png in Resources */,
				F21E21EE24318E65001AE003 /* btn_menu_video_normal.png in Resources */,
				F21E21E224318E65001AE003 /* bg_menu.png in Resources */,
				F21E21E824318E65001AE003 /* btn_contact_member_normal.png in Resources */,
				F21E21EB24318E65001AE003 /* btn_contact_group_normal.png in Resources */,
				F21E21EA24318E65001AE003 /* btn_menu_history_normal.png in Resources */,
				F21E21E424318E65001AE003 /* btn_contact_member_selected.png in Resources */,
				F20CCF042429F00900048BA3 /* Assets.xcassets in Resources */,
				F21E21ED24318E65001AE003 /* btn_menu_video_selected.png in Resources */,
				F261B464242C9FD800482992 /* MemberTableViewCell.xib in Resources */,
				F21E21EC24318E65001AE003 /* bg_profile.png in Resources */,
				F21E21E324318E65001AE003 /* btn_menu_ptt_selected.png in Resources */,
				F21E21F52431C7D3001AE003 /* GroupCollectionViewCell.xib in Resources */,
				F20CCF022429F00800048BA3 /* Main.storyboard in Resources */,
				F21E21E924318E65001AE003 /* btn_profile_set.png in Resources */,
				F2508004242B51AB003DBE79 /* GroupTableViewCell.xib in Resources */,
			);
			runOnlyForDeploymentPostprocessing = 0;
		};
/* End PBXResourcesBuildPhase section */

/* Begin PBXSourcesBuildPhase section */
		F20CCEF52429F00800048BA3 /* Sources */ = {
			isa = PBXSourcesBuildPhase;
			buildActionMask = 2147483647;
			files = (
				F21E21F42431C7D3001AE003 /* GroupCollectionViewCell.swift in Sources */,
				F22F8B51242DABDB00CB08D5 /* MainMenuCollectionViewCell.swift in Sources */,
				F22F8B53242DAF0100CB08D5 /* DetailViewCollectionViewDelegate.swift in Sources */,
				F21E21F72431CA4F001AE003 /* GroupViewCollectionoViewDelegate.swift in Sources */,
				F22F8B5D242DDD5F00CB08D5 /* DispatchCenterSplitViewController.swift in Sources */,
				F20CCF332429FC8000048BA3 /* DetailViewController.swift in Sources */,
				F20CCF312429F61200048BA3 /* MasterViewController.swift in Sources */,
				F21E21D0243186C8001AE003 /* GroupViewController.swift in Sources */,
				F23C0DEA2432DC3700DD7A48 /* MemberViewController.swift in Sources */,
				F20CCEFD2429F00800048BA3 /* AppDelegate.swift in Sources */,
				F261B463242C9FD800482992 /* MemberTableViewCell.swift in Sources */,
				F20CCF35242A02D500048BA3 /* MasterViewTableViewDelegate.swift in Sources */,
				F22F8B4F242D9B7F00CB08D5 /* ConfigAndConst.swift in Sources */,
				F2508003242B51AB003DBE79 /* GroupTableViewCell.swift in Sources */,
			);
			runOnlyForDeploymentPostprocessing = 0;
		};
/* End PBXSourcesBuildPhase section */

/* Begin PBXVariantGroup section */
		F20CCF002429F00800048BA3 /* Main.storyboard */ = {
			isa = PBXVariantGroup;
			children = (
				F20CCF012429F00800048BA3 /* Base */,
			);
			name = Main.storyboard;
			sourceTree = "<group>";
		};
		F20CCF052429F00900048BA3 /* LaunchScreen.storyboard */ = {
			isa = PBXVariantGroup;
			children = (
				F20CCF062429F00900048BA3 /* Base */,
			);
			name = LaunchScreen.storyboard;
			sourceTree = "<group>";
		};
/* End PBXVariantGroup section */

/* Begin XCBuildConfiguration section */
		F20CCF092429F00900048BA3 /* Debug */ = {
			isa = XCBuildConfiguration;
			buildSettings = {
				ALWAYS_SEARCH_USER_PATHS = NO;
				CLANG_ANALYZER_NONNULL = YES;
				CLANG_ANALYZER_NUMBER_OBJECT_CONVERSION = YES_AGGRESSIVE;
				CLANG_CXX_LANGUAGE_STANDARD = "gnu++14";
				CLANG_CXX_LIBRARY = "libc++";
				CLANG_ENABLE_MODULES = YES;
				CLANG_ENABLE_OBJC_ARC = YES;
				CLANG_ENABLE_OBJC_WEAK = YES;
				CLANG_WARN_BLOCK_CAPTURE_AUTORELEASING = YES;
				CLANG_WARN_BOOL_CONVERSION = YES;
				CLANG_WARN_COMMA = YES;
				CLANG_WARN_CONSTANT_CONVERSION = YES;
				CLANG_WARN_DEPRECATED_OBJC_IMPLEMENTATIONS = YES;
				CLANG_WARN_DIRECT_OBJC_ISA_USAGE = YES_ERROR;
				CLANG_WARN_DOCUMENTATION_COMMENTS = YES;
				CLANG_WARN_EMPTY_BODY = YES;
				CLANG_WARN_ENUM_CONVERSION = YES;
				CLANG_WARN_INFINITE_RECURSION = YES;
				CLANG_WARN_INT_CONVERSION = YES;
				CLANG_WARN_NON_LITERAL_NULL_CONVERSION = YES;
				CLANG_WARN_OBJC_IMPLICIT_RETAIN_SELF = YES;
				CLANG_WARN_OBJC_LITERAL_CONVERSION = YES;
				CLANG_WARN_OBJC_ROOT_CLASS = YES_ERROR;
				CLANG_WARN_RANGE_LOOP_ANALYSIS = YES;
				CLANG_WARN_STRICT_PROTOTYPES = YES;
				CLANG_WARN_SUSPICIOUS_MOVE = YES;
				CLANG_WARN_UNGUARDED_AVAILABILITY = YES_AGGRESSIVE;
				CLANG_WARN_UNREACHABLE_CODE = YES;
				CLANG_WARN__DUPLICATE_METHOD_MATCH = YES;
				CODE_SIGN_IDENTITY = "iPhone Developer";
				COPY_PHASE_STRIP = NO;
				DEBUG_INFORMATION_FORMAT = dwarf;
				ENABLE_STRICT_OBJC_MSGSEND = YES;
				ENABLE_TESTABILITY = YES;
				GCC_C_LANGUAGE_STANDARD = gnu11;
				GCC_DYNAMIC_NO_PIC = NO;
				GCC_NO_COMMON_BLOCKS = YES;
				GCC_OPTIMIZATION_LEVEL = 0;
				GCC_PREPROCESSOR_DEFINITIONS = (
					"DEBUG=1",
					"$(inherited)",
				);
				GCC_WARN_64_TO_32_BIT_CONVERSION = YES;
				GCC_WARN_ABOUT_RETURN_TYPE = YES_ERROR;
				GCC_WARN_UNDECLARED_SELECTOR = YES;
				GCC_WARN_UNINITIALIZED_AUTOS = YES_AGGRESSIVE;
				GCC_WARN_UNUSED_FUNCTION = YES;
				GCC_WARN_UNUSED_VARIABLE = YES;
				IPHONEOS_DEPLOYMENT_TARGET = 12.2;
				MTL_ENABLE_DEBUG_INFO = INCLUDE_SOURCE;
				MTL_FAST_MATH = YES;
				ONLY_ACTIVE_ARCH = YES;
				SDKROOT = iphoneos;
				SWIFT_ACTIVE_COMPILATION_CONDITIONS = DEBUG;
				SWIFT_OPTIMIZATION_LEVEL = "-Onone";
			};
			name = Debug;
		};
		F20CCF0A2429F00900048BA3 /* Release */ = {
			isa = XCBuildConfiguration;
			buildSettings = {
				ALWAYS_SEARCH_USER_PATHS = NO;
				CLANG_ANALYZER_NONNULL = YES;
				CLANG_ANALYZER_NUMBER_OBJECT_CONVERSION = YES_AGGRESSIVE;
				CLANG_CXX_LANGUAGE_STANDARD = "gnu++14";
				CLANG_CXX_LIBRARY = "libc++";
				CLANG_ENABLE_MODULES = YES;
				CLANG_ENABLE_OBJC_ARC = YES;
				CLANG_ENABLE_OBJC_WEAK = YES;
				CLANG_WARN_BLOCK_CAPTURE_AUTORELEASING = YES;
				CLANG_WARN_BOOL_CONVERSION = YES;
				CLANG_WARN_COMMA = YES;
				CLANG_WARN_CONSTANT_CONVERSION = YES;
				CLANG_WARN_DEPRECATED_OBJC_IMPLEMENTATIONS = YES;
				CLANG_WARN_DIRECT_OBJC_ISA_USAGE = YES_ERROR;
				CLANG_WARN_DOCUMENTATION_COMMENTS = YES;
				CLANG_WARN_EMPTY_BODY = YES;
				CLANG_WARN_ENUM_CONVERSION = YES;
				CLANG_WARN_INFINITE_RECURSION = YES;
				CLANG_WARN_INT_CONVERSION = YES;
				CLANG_WARN_NON_LITERAL_NULL_CONVERSION = YES;
				CLANG_WARN_OBJC_IMPLICIT_RETAIN_SELF = YES;
				CLANG_WARN_OBJC_LITERAL_CONVERSION = YES;
				CLANG_WARN_OBJC_ROOT_CLASS = YES_ERROR;
				CLANG_WARN_RANGE_LOOP_ANALYSIS = YES;
				CLANG_WARN_STRICT_PROTOTYPES = YES;
				CLANG_WARN_SUSPICIOUS_MOVE = YES;
				CLANG_WARN_UNGUARDED_AVAILABILITY = YES_AGGRESSIVE;
				CLANG_WARN_UNREACHABLE_CODE = YES;
				CLANG_WARN__DUPLICATE_METHOD_MATCH = YES;
				CODE_SIGN_IDENTITY = "iPhone Developer";
				COPY_PHASE_STRIP = NO;
				DEBUG_INFORMATION_FORMAT = "dwarf-with-dsym";
				ENABLE_NS_ASSERTIONS = NO;
				ENABLE_STRICT_OBJC_MSGSEND = YES;
				GCC_C_LANGUAGE_STANDARD = gnu11;
				GCC_NO_COMMON_BLOCKS = YES;
				GCC_WARN_64_TO_32_BIT_CONVERSION = YES;
				GCC_WARN_ABOUT_RETURN_TYPE = YES_ERROR;
				GCC_WARN_UNDECLARED_SELECTOR = YES;
				GCC_WARN_UNINITIALIZED_AUTOS = YES_AGGRESSIVE;
				GCC_WARN_UNUSED_FUNCTION = YES;
				GCC_WARN_UNUSED_VARIABLE = YES;
				IPHONEOS_DEPLOYMENT_TARGET = 12.2;
				MTL_ENABLE_DEBUG_INFO = NO;
				MTL_FAST_MATH = YES;
				SDKROOT = iphoneos;
				SWIFT_COMPILATION_MODE = wholemodule;
				SWIFT_OPTIMIZATION_LEVEL = "-O";
				VALIDATE_PRODUCT = YES;
			};
			name = Release;
		};
		F20CCF0C2429F00900048BA3 /* Debug */ = {
			isa = XCBuildConfiguration;
			buildSettings = {
				ASSETCATALOG_COMPILER_APPICON_NAME = AppIcon;
				CODE_SIGN_STYLE = Automatic;
				DEVELOPMENT_TEAM = 8EVJTWJNSJ;
				INFOPLIST_FILE = SplitViewControllerTest/Info.plist;
				IPHONEOS_DEPLOYMENT_TARGET = 9.3;
				LD_RUNPATH_SEARCH_PATHS = (
					"$(inherited)",
					"@executable_path/Frameworks",
				);
				PRODUCT_BUNDLE_IDENTIFIER = tw.com.maxkit.ios.sample1.SplitViewControllerTest;
				PRODUCT_NAME = "$(TARGET_NAME)";
				SWIFT_VERSION = 5.0;
				TARGETED_DEVICE_FAMILY = 2;
			};
			name = Debug;
		};
		F20CCF0D2429F00900048BA3 /* Release */ = {
			isa = XCBuildConfiguration;
			buildSettings = {
				ASSETCATALOG_COMPILER_APPICON_NAME = AppIcon;
				CODE_SIGN_STYLE = Automatic;
				DEVELOPMENT_TEAM = 8EVJTWJNSJ;
				INFOPLIST_FILE = SplitViewControllerTest/Info.plist;
				IPHONEOS_DEPLOYMENT_TARGET = 9.3;
				LD_RUNPATH_SEARCH_PATHS = (
					"$(inherited)",
					"@executable_path/Frameworks",
				);
				PRODUCT_BUNDLE_IDENTIFIER = tw.com.maxkit.ios.sample1.SplitViewControllerTest;
				PRODUCT_NAME = "$(TARGET_NAME)";
				SWIFT_VERSION = 5.0;
				TARGETED_DEVICE_FAMILY = 2;
			};
			name = Release;
		};
/* End XCBuildConfiguration section */

/* Begin XCConfigurationList section */
		F20CCEF42429F00800048BA3 /* Build configuration list for PBXProject "SplitViewControllerTest" */ = {
			isa = XCConfigurationList;
			buildConfigurations = (
				F20CCF092429F00900048BA3 /* Debug */,
				F20CCF0A2429F00900048BA3 /* Release */,
			);
			defaultConfigurationIsVisible = 0;
			defaultConfigurationName = Release;
		};
		F20CCF0B2429F00900048BA3 /* Build configuration list for PBXNativeTarget "SplitViewControllerTest" */ = {
			isa = XCConfigurationList;
			buildConfigurations = (
				F20CCF0C2429F00900048BA3 /* Debug */,
				F20CCF0D2429F00900048BA3 /* Release */,
			);
			defaultConfigurationIsVisible = 0;
			defaultConfigurationName = Release;
		};
/* End XCConfigurationList section */
	};
	rootObject = F20CCEF12429F00800048BA3 /* Project object */;
}
